
Microsoft Visual Studio Solution File, Format Version 12.00
# Visual Studio 2013
VisualStudioVersion = 12.0.21005.1
MinimumVisualStudioVersion = 10.0.40219.1
Project("{FAE04EC0-301F-11D3-BF4B-00C04F79EFBC}") = "MySVNClient", "MySVNClient\MySVNClient.csproj", "{89D1F0A7-F111-4928-BD92-81A287227FEB}"
EndProject
Global
	GlobalSection(SolutionConfigurationPlatforms) = preSolution
		Debug|Any CPU = Debug|Any CPU
		Debug|x64 = Debug|x64
		Release|Any CPU = Release|Any CPU
		Release|x64 = Release|x64
	EndGlobalSection
	GlobalSection(ProjectConfigurationPlatforms) = postSolution
		{89D1F0A7-F111-4928-BD92-81A287227FEB}.Debug|Any CPU.ActiveCfg = Debug|Any CPU
		{89D1F0A7-F111-4928-BD92-81A287227FEB}.Debug|Any CPU.Build.0 = Debug|Any CPU
		{89D1F0A7-F111-4928-BD92-81A287227FEB}.Debug|x64.ActiveCfg = Debug|x64
		{89D1F0A7-F111-4928-BD92-81A287227FEB}.Debug|x64.Build.0 = Debug|x64
		{89D1F0A7-F111-4928-BD92-81A287227FEB}.Release|Any CPU.ActiveCfg = Release|Any CPU
		{89D1F0A7-F111-4928-BD92-81A287227FEB}.Release|Any CPU.Build.0 = Release|Any CPU
		{89D1F0A7-F111-4928-BD92-81A287227FEB}.Release|x64.ActiveCfg = Release|x64
		{89D1F0A7-F111-4928-BD92-81A287227FEB}.Release|x64.Build.0 = Release|x64
	EndGlobalSection
	GlobalSection(SolutionProperties) = preSolution
		HideSolutionNode = FALSE
	EndGlobalSection
EndGlobal
